{
  "nodes": {
    "mise": {
      "inputs": {
        "nixpkgs": "nixpkgs"
      },
      "locked": {
        "lastModified": 1789063098,
        "narHash": "sha256-9uigEqXmmuJ8ku0vSRRSqNCg1XKZysXosst9vh/wqmc=",
        "ref": "refs/heads/master",
        "rev": "a514e5003498913bd3ae91ce2dd500d5077af73b",
        "revCount": 19,
        "type": "git",
        "url": "https://github.com/josiah14/mise.git"
      },
      "original": {
        "type": "git",
        "url": "https://github.com/josiah14/mise.git"
      }
    },
    "nixpkgs": {
      "locked": {
        "lastModified": 1781328464,
        "narHash": "sha256-j9uBlHI0eJ9zWU9IlF6SlBBPdeJu30hcvar31IRKHpw=",
        "owner": "NixOS",
        "repo": "nixpkgs",
        "rev": "5a722a7155bfc9fbe657f28d26b71860d95324bc",
        "type": "github"
      },
      "original": {
        "owner": "NixOS",
        "ref": "nixpkgs-unstable",
        "repo": "nixpkgs",
        "type": "github"
      }
    },
    "root": {
      "inputs": {
        "mise": "mise",
        "nixpkgs": [
          "mise",
          "nixpkgs"
        ]
      }
    }
  },
  "root": "root",
  "version": 7
}
